
Microsoft Visual Studio Solution File, Format Version 12.00
# Visual Studio Version 17
VisualStudioVersion = 17.5.33530.505
MinimumVisualStudioVersion = 10.0.40219.1
Project("{9A19103F-16F7-4668-BE54-9A1E7A4F7556}") = "RabbitMq2", "RabbitMq2\RabbitMq2.csproj", "{E5223A7D-A402-449E-BEFF-883EDBEA111C}"
EndProject
Global
	GlobalSection(SolutionConfigurationPlatforms) = preSolution
		Debug|Any CPU = Debug|Any CPU
		Release|Any CPU = Release|Any CPU
	EndGlobalSection
	GlobalSection(ProjectConfigurationPlatforms) = postSolution
		{E5223A7D-A402-449E-BEFF-883EDBEA111C}.Debug|Any CPU.ActiveCfg = Debug|Any CPU
		{E5223A7D-A402-449E-BEFF-883EDBEA111C}.Debug|Any CPU.Build.0 = Debug|Any CPU
		{E5223A7D-A402-449E-BEFF-883EDBEA111C}.Release|Any CPU.ActiveCfg = Release|Any CPU
		{E5223A7D-A402-449E-BEFF-883EDBEA111C}.Release|Any CPU.Build.0 = Release|Any CPU
	EndGlobalSection
	GlobalSection(SolutionProperties) = preSolution
		HideSolutionNode = FALSE
	EndGlobalSection
	GlobalSection(ExtensibilityGlobals) = postSolution
		SolutionGuid = {1755CBAB-D9F7-482D-A56C-5B5E894E3521}
	EndGlobalSection
EndGlobal
