
Microsoft Visual Studio Solution File, Format Version 12.00
# Visual Studio Version 17
VisualStudioVersion = 17.5.33530.505
MinimumVisualStudioVersion = 10.0.40219.1
Project("{FAE04EC0-301F-11D3-BF4B-00C04F79EFBC}") = "RabbitMq1", "RabbitMq1\RabbitMq1.csproj", "{E86E140F-F0AC-4C5F-88E1-E643B23342B7}"
EndProject
Global
	GlobalSection(SolutionConfigurationPlatforms) = preSolution
		Debug|Any CPU = Debug|Any CPU
		Release|Any CPU = Release|Any CPU
	EndGlobalSection
	GlobalSection(ProjectConfigurationPlatforms) = postSolution
		{E86E140F-F0AC-4C5F-88E1-E643B23342B7}.Debug|Any CPU.ActiveCfg = Debug|Any CPU
		{E86E140F-F0AC-4C5F-88E1-E643B23342B7}.Debug|Any CPU.Build.0 = Debug|Any CPU
		{E86E140F-F0AC-4C5F-88E1-E643B23342B7}.Release|Any CPU.ActiveCfg = Release|Any CPU
		{E86E140F-F0AC-4C5F-88E1-E643B23342B7}.Release|Any CPU.Build.0 = Release|Any CPU
	EndGlobalSection
	GlobalSection(SolutionProperties) = preSolution
		HideSolutionNode = FALSE
	EndGlobalSection
	GlobalSection(ExtensibilityGlobals) = postSolution
		SolutionGuid = {F1989484-886E-4C54-BFE7-9DE82105BFFA}
	EndGlobalSection
EndGlobal
